<Solution>
  <Project Path="Nucleus.Data.BLL/Nucleus.Data.BLL.csproj" Id="51ad4c54-0f8e-4c5b-997d-dc94253989e0" />
  <Project Path="Nucleus.Data.ConsoleApp/Nucleus.Data.ConsoleApp.csproj" />
  <Project Path="Nucleus.Data.Core/Nucleus.Data.Core.csproj" Id="a9c327c9-f31c-43b9-ac51-ddf41020f1da" />
  <Project Path="Nucleus.Data.DAL/Nucleus.Data.DAL.csproj" Id="c5271750-5369-4cf8-84ec-667783528646" />
</Solution>
